
Microsoft Visual Studio Solution File, Format Version 12.00
# Visual Studio Version 16
VisualStudioVersion = 16.0.31702.278
MinimumVisualStudioVersion = 10.0.40219.1
Project("{FAE04EC0-301F-11D3-BF4B-00C04F79EFBC}") = "lizBrunner-customers-frontend", "lizBrunner-customers-frontend\lizBrunner-customers-frontend.csproj", "{887B9176-FB5F-4E69-A9CC-6164AF5B8FE7}"
EndProject
Global
	GlobalSection(SolutionConfigurationPlatforms) = preSolution
		Debug|Any CPU = Debug|Any CPU
		Release|Any CPU = Release|Any CPU
	EndGlobalSection
	GlobalSection(ProjectConfigurationPlatforms) = postSolution
		{887B9176-FB5F-4E69-A9CC-6164AF5B8FE7}.Debug|Any CPU.ActiveCfg = Debug|Any CPU
		{887B9176-FB5F-4E69-A9CC-6164AF5B8FE7}.Debug|Any CPU.Build.0 = Debug|Any CPU
		{887B9176-FB5F-4E69-A9CC-6164AF5B8FE7}.Release|Any CPU.ActiveCfg = Release|Any CPU
		{887B9176-FB5F-4E69-A9CC-6164AF5B8FE7}.Release|Any CPU.Build.0 = Release|Any CPU
	EndGlobalSection
	GlobalSection(SolutionProperties) = preSolution
		HideSolutionNode = FALSE
	EndGlobalSection
	GlobalSection(ExtensibilityGlobals) = postSolution
		SolutionGuid = {D8DEB41E-922F-4AF9-90C6-A7662978F811}
	EndGlobalSection
EndGlobal
